
Microsoft Visual Studio Solution File, Format Version 12.00
# Visual Studio Version 17
VisualStudioVersion = 17.5.33530.505
MinimumVisualStudioVersion = 10.0.40219.1
Project("{9A19103F-16F7-4668-BE54-9A1E7A4F7556}") = "MovieStream_FIBRPN", "MovieStream_FIBRPN.csproj", "{DF912E0E-3577-4FA3-9F16-9BDD88E38E66}"
EndProject
Global
	GlobalSection(SolutionConfigurationPlatforms) = preSolution
		Debug|Any CPU = Debug|Any CPU
		Release|Any CPU = Release|Any CPU
	EndGlobalSection
	GlobalSection(ProjectConfigurationPlatforms) = postSolution
		{DF912E0E-3577-4FA3-9F16-9BDD88E38E66}.Debug|Any CPU.ActiveCfg = Debug|Any CPU
		{DF912E0E-3577-4FA3-9F16-9BDD88E38E66}.Debug|Any CPU.Build.0 = Debug|Any CPU
		{DF912E0E-3577-4FA3-9F16-9BDD88E38E66}.Release|Any CPU.ActiveCfg = Release|Any CPU
		{DF912E0E-3577-4FA3-9F16-9BDD88E38E66}.Release|Any CPU.Build.0 = Release|Any CPU
	EndGlobalSection
	GlobalSection(SolutionProperties) = preSolution
		HideSolutionNode = FALSE
	EndGlobalSection
	GlobalSection(ExtensibilityGlobals) = postSolution
		SolutionGuid = {6FCC40A4-4D44-4532-A07E-3B4A20B5C27D}
	EndGlobalSection
EndGlobal
